// !$*UTF8*$!
{
	archiveVersion = 1;
	classes = {
	};
	objectVersion = 56;
	objects = {

/* Begin PBXBuildFile section */
		DA27BAAD29F4CD5600A61A59 /* StudentPaycheckDataModel.xcdatamodeld in Sources */ = {isa = PBXBuildFile; fileRef = DA27BAAB29F4CD5600A61A59 /* StudentPaycheckDataModel.xcdatamodeld */; };
		DA27BAB029F4EA4000A61A59 /* CoreDataManager.swift in Sources */ = {isa = PBXBuildFile; fileRef = DA27BAAF29F4EA4000A61A59 /* CoreDataManager.swift */; };
		DA27BAB329F6105B00A61A59 /* Paycheck+CoreDataClass.swift in Sources */ = {isa = PBXBuildFile; fileRef = DA27BAB129F6105B00A61A59 /* Paycheck+CoreDataClass.swift */; };
		DA27BAB429F6105B00A61A59 /* Paycheck+CoreDataProperties.swift in Sources */ = {isa = PBXBuildFile; fileRef = DA27BAB229F6105B00A61A59 /* Paycheck+CoreDataProperties.swift */; };
		DA27BAB629F6161400A61A59 /* CustomTabBarView.swift in Sources */ = {isa = PBXBuildFile; fileRef = DA27BAB529F6161400A61A59 /* CustomTabBarView.swift */; };
		DA27BAB829F61B2C00A61A59 /* CustomTabBarContainerView.swift in Sources */ = {isa = PBXBuildFile; fileRef = DA27BAB729F61B2C00A61A59 /* CustomTabBarContainerView.swift */; };
		DA27BABA29F61D4000A61A59 /* MainView.swift in Sources */ = {isa = PBXBuildFile; fileRef = DA27BAB929F61D4000A61A59 /* MainView.swift */; };
		DA27BABD29F61E2E00A61A59 /* TabBarItemPreferenceKey.swift in Sources */ = {isa = PBXBuildFile; fileRef = DA27BABC29F61E2E00A61A59 /* TabBarItemPreferenceKey.swift */; };
		DA27BABF29F63A6C00A61A59 /* TabBarItem.swift in Sources */ = {isa = PBXBuildFile; fileRef = DA27BABE29F63A6C00A61A59 /* TabBarItem.swift */; };
		DA27BAC229F64A7700A61A59 /* ProfileView.swift in Sources */ = {isa = PBXBuildFile; fileRef = DA27BAC129F64A7700A61A59 /* ProfileView.swift */; };
		DA27BAC429F650BB00A61A59 /* OnboardingView.swift in Sources */ = {isa = PBXBuildFile; fileRef = DA27BAC329F650BB00A61A59 /* OnboardingView.swift */; };
		DA27BAC729F65AFF00A61A59 /* IntroView.swift in Sources */ = {isa = PBXBuildFile; fileRef = DA27BAC629F65AFF00A61A59 /* IntroView.swift */; };
		DA27BAC929F6DAD900A61A59 /* ScannerView.swift in Sources */ = {isa = PBXBuildFile; fileRef = DA27BAC829F6DAD900A61A59 /* ScannerView.swift */; };
		DA27BACB29F6DC8800A61A59 /* TextRecognizer.swift in Sources */ = {isa = PBXBuildFile; fileRef = DA27BACA29F6DC8800A61A59 /* TextRecognizer.swift */; };
		DA27BACD29F6DE1F00A61A59 /* ScanData.swift in Sources */ = {isa = PBXBuildFile; fileRef = DA27BACC29F6DE1F00A61A59 /* ScanData.swift */; };
		DA27BAD329F73D8E00A61A59 /* HistoryView.swift in Sources */ = {isa = PBXBuildFile; fileRef = DA27BAD229F73D8E00A61A59 /* HistoryView.swift */; };
		DA27BAD629F73FED00A61A59 /* IncomeCalculatorView.swift in Sources */ = {isa = PBXBuildFile; fileRef = DA27BAD529F73FED00A61A59 /* IncomeCalculatorView.swift */; };
		DA5B49CB29E003ED0032C6E4 /* studPaycheckCalApp.swift in Sources */ = {isa = PBXBuildFile; fileRef = DA5B49CA29E003ED0032C6E4 /* studPaycheckCalApp.swift */; };
		DA5B49CF29E003EF0032C6E4 /* Assets.xcassets in Resources */ = {isa = PBXBuildFile; fileRef = DA5B49CE29E003EF0032C6E4 /* Assets.xcassets */; };
		DA5B49D229E003EF0032C6E4 /* Preview Assets.xcassets in Resources */ = {isa = PBXBuildFile; fileRef = DA5B49D129E003EF0032C6E4 /* Preview Assets.xcassets */; };
		DA5B49DB29E0989D0032C6E4 /* SelfCheckView.swift in Sources */ = {isa = PBXBuildFile; fileRef = DA5B49DA29E0989D0032C6E4 /* SelfCheckView.swift */; };
		DA5B49DD29E099140032C6E4 /* SelfCheckView2.swift in Sources */ = {isa = PBXBuildFile; fileRef = DA5B49DC29E099140032C6E4 /* SelfCheckView2.swift */; };
		DA5B49DF29E0DBDD0032C6E4 /* ContentView.swift in Sources */ = {isa = PBXBuildFile; fileRef = DA5B49DE29E0DBDD0032C6E4 /* ContentView.swift */; };
		DA5B49E129E146970032C6E4 /* SelfCheckViewResult.swift in Sources */ = {isa = PBXBuildFile; fileRef = DA5B49E029E146970032C6E4 /* SelfCheckViewResult.swift */; };
		DA5B49E329E1C3D40032C6E4 /* MainModel.swift in Sources */ = {isa = PBXBuildFile; fileRef = DA5B49E229E1C3D40032C6E4 /* MainModel.swift */; };
		DA5B49E529E1D71C0032C6E4 /* MainViewModel.swift in Sources */ = {isa = PBXBuildFile; fileRef = DA5B49E429E1D71C0032C6E4 /* MainViewModel.swift */; };
		DA5B49E829E1DA6F0032C6E4 /* CustomDesignViewModifier.swift in Sources */ = {isa = PBXBuildFile; fileRef = DA5B49E729E1DA6F0032C6E4 /* CustomDesignViewModifier.swift */; };
		DA5B49EA29E716540032C6E4 /* FederalTaxCalculator.swift in Sources */ = {isa = PBXBuildFile; fileRef = DA5B49E929E716540032C6E4 /* FederalTaxCalculator.swift */; };
		DA5B49EC29E7168B0032C6E4 /* StateTaxCalculator.swift in Sources */ = {isa = PBXBuildFile; fileRef = DA5B49EB29E7168B0032C6E4 /* StateTaxCalculator.swift */; };
		DA5B49EE29E716AA0032C6E4 /* AnnualizedSalaryCalculator.swift in Sources */ = {isa = PBXBuildFile; fileRef = DA5B49ED29E716AA0032C6E4 /* AnnualizedSalaryCalculator.swift */; };
/* End PBXBuildFile section */

/* Begin PBXFileReference section */
		DA27BAA929F2587700A61A59 /* Info.plist */ = {isa = PBXFileReference; lastKnownFileType = text.plist.xml; path = Info.plist; sourceTree = "<group>"; };
		DA27BAAC29F4CD5600A61A59 /* StudentPaycheckDataModel.xcdatamodel */ = {isa = PBXFileReference; lastKnownFileType = wrapper.xcdatamodel; path = StudentPaycheckDataModel.xcdatamodel; sourceTree = "<group>"; };
		DA27BAAF29F4EA4000A61A59 /* CoreDataManager.swift */ = {isa = PBXFileReference; lastKnownFileType = sourcecode.swift; path = CoreDataManager.swift; sourceTree = "<group>"; };
		DA27BAB129F6105B00A61A59 /* Paycheck+CoreDataClass.swift */ = {isa = PBXFileReference; lastKnownFileType = sourcecode.swift; path = "Paycheck+CoreDataClass.swift"; sourceTree = "<group>"; };
		DA27BAB229F6105B00A61A59 /* Paycheck+CoreDataProperties.swift */ = {isa = PBXFileReference; lastKnownFileType = sourcecode.swift; path = "Paycheck+CoreDataProperties.swift"; sourceTree = "<group>"; };
		DA27BAB529F6161400A61A59 /* CustomTabBarView.swift */ = {isa = PBXFileReference; lastKnownFileType = sourcecode.swift; path = CustomTabBarView.swift; sourceTree = "<group>"; };
		DA27BAB729F61B2C00A61A59 /* CustomTabBarContainerView.swift */ = {isa = PBXFileReference; lastKnownFileType = sourcecode.swift; path = CustomTabBarContainerView.swift; sourceTree = "<group>"; };
		DA27BAB929F61D4000A61A59 /* MainView.swift */ = {isa = PBXFileReference; lastKnownFileType = sourcecode.swift; path = MainView.swift; sourceTree = "<group>"; };
		DA27BABC29F61E2E00A61A59 /* TabBarItemPreferenceKey.swift */ = {isa = PBXFileReference; lastKnownFileType = sourcecode.swift; path = TabBarItemPreferenceKey.swift; sourceTree = "<group>"; };
		DA27BABE29F63A6C00A61A59 /* TabBarItem.swift */ = {isa = PBXFileReference; lastKnownFileType = sourcecode.swift; path = TabBarItem.swift; sourceTree = "<group>"; };
		DA27BAC129F64A7700A61A59 /* ProfileView.swift */ = {isa = PBXFileReference; lastKnownFileType = sourcecode.swift; path = ProfileView.swift; sourceTree = "<group>"; };
		DA27BAC329F650BB00A61A59 /* OnboardingView.swift */ = {isa = PBXFileReference; lastKnownFileType = sourcecode.swift; path = OnboardingView.swift; sourceTree = "<group>"; };
		DA27BAC629F65AFF00A61A59 /* IntroView.swift */ = {isa = PBXFileReference; lastKnownFileType = sourcecode.swift; path = IntroView.swift; sourceTree = "<group>"; };
		DA27BAC829F6DAD900A61A59 /* ScannerView.swift */ = {isa = PBXFileReference; lastKnownFileType = sourcecode.swift; path = ScannerView.swift; sourceTree = "<group>"; };
		DA27BACA29F6DC8800A61A59 /* TextRecognizer.swift */ = {isa = PBXFileReference; lastKnownFileType = sourcecode.swift; path = TextRecognizer.swift; sourceTree = "<group>"; };
		DA27BACC29F6DE1F00A61A59 /* ScanData.swift */ = {isa = PBXFileReference; lastKnownFileType = sourcecode.swift; path = ScanData.swift; sourceTree = "<group>"; };
		DA27BAD229F73D8E00A61A59 /* HistoryView.swift */ = {isa = PBXFileReference; lastKnownFileType = sourcecode.swift; path = HistoryView.swift; sourceTree = "<group>"; };
		DA27BAD529F73FED00A61A59 /* IncomeCalculatorView.swift */ = {isa = PBXFileReference; lastKnownFileType = sourcecode.swift; path = IncomeCalculatorView.swift; sourceTree = "<group>"; };
		DA5B49C729E003ED0032C6E4 /* studPaycheckCal.app */ = {isa = PBXFileReference; explicitFileType = wrapper.application; includeInIndex = 0; path = studPaycheckCal.app; sourceTree = BUILT_PRODUCTS_DIR; };
		DA5B49CA29E003ED0032C6E4 /* studPaycheckCalApp.swift */ = {isa = PBXFileReference; lastKnownFileType = sourcecode.swift; path = studPaycheckCalApp.swift; sourceTree = "<group>"; };
		DA5B49CE29E003EF0032C6E4 /* Assets.xcassets */ = {isa = PBXFileReference; lastKnownFileType = folder.assetcatalog; path = Assets.xcassets; sourceTree = "<group>"; };
		DA5B49D129E003EF0032C6E4 /* Preview Assets.xcassets */ = {isa = PBXFileReference; lastKnownFileType = folder.assetcatalog; path = "Preview Assets.xcassets"; sourceTree = "<group>"; };
		DA5B49DA29E0989D0032C6E4 /* SelfCheckView.swift */ = {isa = PBXFileReference; lastKnownFileType = sourcecode.swift; path = SelfCheckView.swift; sourceTree = "<group>"; };
		DA5B49DC29E099140032C6E4 /* SelfCheckView2.swift */ = {isa = PBXFileReference; lastKnownFileType = sourcecode.swift; path = SelfCheckView2.swift; sourceTree = "<group>"; };
		DA5B49DE29E0DBDD0032C6E4 /* ContentView.swift */ = {isa = PBXFileReference; lastKnownFileType = sourcecode.swift; path = ContentView.swift; sourceTree = "<group>"; };
		DA5B49E029E146970032C6E4 /* SelfCheckViewResult.swift */ = {isa = PBXFileReference; lastKnownFileType = sourcecode.swift; path = SelfCheckViewResult.swift; sourceTree = "<group>"; };
		DA5B49E229E1C3D40032C6E4 /* MainModel.swift */ = {isa = PBXFileReference; lastKnownFileType = sourcecode.swift; path = MainModel.swift; sourceTree = "<group>"; };
		DA5B49E429E1D71C0032C6E4 /* MainViewModel.swift */ = {isa = PBXFileReference; lastKnownFileType = sourcecode.swift; path = MainViewModel.swift; sourceTree = "<group>"; };
		DA5B49E729E1DA6F0032C6E4 /* CustomDesignViewModifier.swift */ = {isa = PBXFileReference; lastKnownFileType = sourcecode.swift; path = CustomDesignViewModifier.swift; sourceTree = "<group>"; };
		DA5B49E929E716540032C6E4 /* FederalTaxCalculator.swift */ = {isa = PBXFileReference; lastKnownFileType = sourcecode.swift; path = FederalTaxCalculator.swift; sourceTree = "<group>"; };
		DA5B49EB29E7168B0032C6E4 /* StateTaxCalculator.swift */ = {isa = PBXFileReference; lastKnownFileType = sourcecode.swift; path = StateTaxCalculator.swift; sourceTree = "<group>"; };
		DA5B49ED29E716AA0032C6E4 /* AnnualizedSalaryCalculator.swift */ = {isa = PBXFileReference; lastKnownFileType = sourcecode.swift; path = AnnualizedSalaryCalculator.swift; sourceTree = "<group>"; };
/* End PBXFileReference section */

/* Begin PBXFrameworksBuildPhase section */
		DA5B49C429E003ED0032C6E4 /* Frameworks */ = {
			isa = PBXFrameworksBuildPhase;
			buildActionMask = 2147483647;
			files = (
			);
			runOnlyForDeploymentPostprocessing = 0;
		};
/* End PBXFrameworksBuildPhase section */

/* Begin PBXGroup section */
		DA27BAAA29F4CC9E00A61A59 /* TexCalculationLogic */ = {
			isa = PBXGroup;
			children = (
				DA5B49E229E1C3D40032C6E4 /* MainModel.swift */,
				DA5B49E429E1D71C0032C6E4 /* MainViewModel.swift */,
				DA5B49E929E716540032C6E4 /* FederalTaxCalculator.swift */,
				DA5B49EB29E7168B0032C6E4 /* StateTaxCalculator.swift */,
				DA5B49ED29E716AA0032C6E4 /* AnnualizedSalaryCalculator.swift */,
			);
			path = TexCalculationLogic;
			sourceTree = "<group>";
		};
		DA27BAAE29F4EA2400A61A59 /* CoreDataProperties */ = {
			isa = PBXGroup;
			children = (
				DA27BAB129F6105B00A61A59 /* Paycheck+CoreDataClass.swift */,
				DA27BAB229F6105B00A61A59 /* Paycheck+CoreDataProperties.swift */,
				DA27BAAB29F4CD5600A61A59 /* StudentPaycheckDataModel.xcdatamodeld */,
				DA27BAAF29F4EA4000A61A59 /* CoreDataManager.swift */,
			);
			path = CoreDataProperties;
			sourceTree = "<group>";
		};
		DA27BABB29F61DF000A61A59 /* CustomTabBar */ = {
			isa = PBXGroup;
			children = (
				DA27BAB529F6161400A61A59 /* CustomTabBarView.swift */,
				DA27BAB729F61B2C00A61A59 /* CustomTabBarContainerView.swift */,
				DA27BABC29F61E2E00A61A59 /* TabBarItemPreferenceKey.swift */,
				DA27BABE29F63A6C00A61A59 /* TabBarItem.swift */,
			);
			path = CustomTabBar;
			sourceTree = "<group>";
		};
		DA27BAC029F64A6500A61A59 /* Profile */ = {
			isa = PBXGroup;
			children = (
				DA27BAC129F64A7700A61A59 /* ProfileView.swift */,
			);
			path = Profile;
			sourceTree = "<group>";
		};
		DA27BAC529F650C000A61A59 /* Onboarding */ = {
			isa = PBXGroup;
			children = (
				DA27BAC329F650BB00A61A59 /* OnboardingView.swift */,
				DA27BAC629F65AFF00A61A59 /* IntroView.swift */,
			);
			path = Onboarding;
			sourceTree = "<group>";
		};
		DA27BAD029F72E1200A61A59 /* TextRecognitionLogic */ = {
			isa = PBXGroup;
			children = (
				DA27BAC829F6DAD900A61A59 /* ScannerView.swift */,
				DA27BACA29F6DC8800A61A59 /* TextRecognizer.swift */,
				DA27BACC29F6DE1F00A61A59 /* ScanData.swift */,
			);
			path = TextRecognitionLogic;
			sourceTree = "<group>";
		};
		DA27BAD129F73D7D00A61A59 /* History */ = {
			isa = PBXGroup;
			children = (
				DA27BAD229F73D8E00A61A59 /* HistoryView.swift */,
			);
			path = History;
			sourceTree = "<group>";
		};
		DA27BAD429F73FD000A61A59 /* IncomeCalculator */ = {
			isa = PBXGroup;
			children = (
				DA27BAD529F73FED00A61A59 /* IncomeCalculatorView.swift */,
			);
			path = IncomeCalculator;
			sourceTree = "<group>";
		};
		DA5B49BE29E003ED0032C6E4 = {
			isa = PBXGroup;
			children = (
				DA5B49C929E003ED0032C6E4 /* studPaycheckCal */,
				DA5B49C829E003ED0032C6E4 /* Products */,
			);
			sourceTree = "<group>";
		};
		DA5B49C829E003ED0032C6E4 /* Products */ = {
			isa = PBXGroup;
			children = (
				DA5B49C729E003ED0032C6E4 /* studPaycheckCal.app */,
			);
			name = Products;
			sourceTree = "<group>";
		};
		DA5B49C929E003ED0032C6E4 /* studPaycheckCal */ = {
			isa = PBXGroup;
			children = (
				DA27BAD429F73FD000A61A59 /* IncomeCalculator */,
				DA27BAD129F73D7D00A61A59 /* History */,
				DA5B49DE29E0DBDD0032C6E4 /* ContentView.swift */,
				DA5B49CA29E003ED0032C6E4 /* studPaycheckCalApp.swift */,
				DA27BAC529F650C000A61A59 /* Onboarding */,
				DA27BAB929F61D4000A61A59 /* MainView.swift */,
				DA27BAC029F64A6500A61A59 /* Profile */,
				DA5B49E629E1D97B0032C6E4 /* Custom */,
				DA5B49D829E098670032C6E4 /* SelfCheck */,
				DA27BAAA29F4CC9E00A61A59 /* TexCalculationLogic */,
				DA5B49D029E003EF0032C6E4 /* Preview Content */,
				DA27BAAE29F4EA2400A61A59 /* CoreDataProperties */,
				DA27BAD029F72E1200A61A59 /* TextRecognitionLogic */,
				DA27BAA929F2587700A61A59 /* Info.plist */,
				DA5B49CE29E003EF0032C6E4 /* Assets.xcassets */,
			);
			path = studPaycheckCal;
			sourceTree = "<group>";
		};
		DA5B49D029E003EF0032C6E4 /* Preview Content */ = {
			isa = PBXGroup;
			children = (
				DA5B49D129E003EF0032C6E4 /* Preview Assets.xcassets */,
			);
			path = "Preview Content";
			sourceTree = "<group>";
		};
		DA5B49D829E098670032C6E4 /* SelfCheck */ = {
			isa = PBXGroup;
			children = (
				DA5B49DA29E0989D0032C6E4 /* SelfCheckView.swift */,
				DA5B49DC29E099140032C6E4 /* SelfCheckView2.swift */,
				DA5B49E029E146970032C6E4 /* SelfCheckViewResult.swift */,
			);
			name = SelfCheck;
			sourceTree = "<group>";
		};
		DA5B49E629E1D97B0032C6E4 /* Custom */ = {
			isa = PBXGroup;
			children = (
				DA27BABB29F61DF000A61A59 /* CustomTabBar */,
				DA5B49E729E1DA6F0032C6E4 /* CustomDesignViewModifier.swift */,
			);
			path = Custom;
			sourceTree = "<group>";
		};
/* End PBXGroup section */

/* Begin PBXNativeTarget section */
		DA5B49C629E003ED0032C6E4 /* studPaycheckCal */ = {
			isa = PBXNativeTarget;
			buildConfigurationList = DA5B49D529E003EF0032C6E4 /* Build configuration list for PBXNativeTarget "studPaycheckCal" */;
			buildPhases = (
				DA5B49C329E003ED0032C6E4 /* Sources */,
				DA5B49C429E003ED0032C6E4 /* Frameworks */,
				DA5B49C529E003ED0032C6E4 /* Resources */,
			);
			buildRules = (
			);
			dependencies = (
			);
			name = studPaycheckCal;
			productName = studPaycheckCal;
			productReference = DA5B49C729E003ED0032C6E4 /* studPaycheckCal.app */;
			productType = "com.apple.product-type.application";
		};
/* End PBXNativeTarget section */

/* Begin PBXProject section */
		DA5B49BF29E003ED0032C6E4 /* Project object */ = {
			isa = PBXProject;
			attributes = {
				BuildIndependentTargetsInParallel = 1;
				LastSwiftUpdateCheck = 1420;
				LastUpgradeCheck = 1420;
				TargetAttributes = {
					DA5B49C629E003ED0032C6E4 = {
						CreatedOnToolsVersion = 14.2;
					};
				};
			};
			buildConfigurationList = DA5B49C229E003ED0032C6E4 /* Build configuration list for PBXProject "studPaycheckCal" */;
			compatibilityVersion = "Xcode 14.0";
			developmentRegion = en;
			hasScannedForEncodings = 0;
			knownRegions = (
				en,
				Base,
			);
			mainGroup = DA5B49BE29E003ED0032C6E4;
			productRefGroup = DA5B49C829E003ED0032C6E4 /* Products */;
			projectDirPath = "";
			projectRoot = "";
			targets = (
				DA5B49C629E003ED0032C6E4 /* studPaycheckCal */,
			);
		};
/* End PBXProject section */

/* Begin PBXResourcesBuildPhase section */
		DA5B49C529E003ED0032C6E4 /* Resources */ = {
			isa = PBXResourcesBuildPhase;
			buildActionMask = 2147483647;
			files = (
				DA5B49D229E003EF0032C6E4 /* Preview Assets.xcassets in Resources */,
				DA5B49CF29E003EF0032C6E4 /* Assets.xcassets in Resources */,
			);
			runOnlyForDeploymentPostprocessing = 0;
		};
/* End PBXResourcesBuildPhase section */

/* Begin PBXSourcesBuildPhase section */
		DA5B49C329E003ED0032C6E4 /* Sources */ = {
			isa = PBXSourcesBuildPhase;
			buildActionMask = 2147483647;
			files = (
				DA5B49E529E1D71C0032C6E4 /* MainViewModel.swift in Sources */,
				DA27BABA29F61D4000A61A59 /* MainView.swift in Sources */,
				DA27BACB29F6DC8800A61A59 /* TextRecognizer.swift in Sources */,
				DA27BABF29F63A6C00A61A59 /* TabBarItem.swift in Sources */,
				DA5B49EA29E716540032C6E4 /* FederalTaxCalculator.swift in Sources */,
				DA5B49E829E1DA6F0032C6E4 /* CustomDesignViewModifier.swift in Sources */,
				DA27BAB629F6161400A61A59 /* CustomTabBarView.swift in Sources */,
				DA27BAD329F73D8E00A61A59 /* HistoryView.swift in Sources */,
				DA5B49DD29E099140032C6E4 /* SelfCheckView2.swift in Sources */,
				DA5B49DB29E0989D0032C6E4 /* SelfCheckView.swift in Sources */,
				DA27BAB329F6105B00A61A59 /* Paycheck+CoreDataClass.swift in Sources */,
				DA27BAC929F6DAD900A61A59 /* ScannerView.swift in Sources */,
				DA5B49DF29E0DBDD0032C6E4 /* ContentView.swift in Sources */,
				DA27BAD629F73FED00A61A59 /* IncomeCalculatorView.swift in Sources */,
				DA27BACD29F6DE1F00A61A59 /* ScanData.swift in Sources */,
				DA27BABD29F61E2E00A61A59 /* TabBarItemPreferenceKey.swift in Sources */,
				DA5B49E329E1C3D40032C6E4 /* MainModel.swift in Sources */,
				DA27BAB029F4EA4000A61A59 /* CoreDataManager.swift in Sources */,
				DA27BAAD29F4CD5600A61A59 /* StudentPaycheckDataModel.xcdatamodeld in Sources */,
				DA5B49EC29E7168B0032C6E4 /* StateTaxCalculator.swift in Sources */,
				DA5B49CB29E003ED0032C6E4 /* studPaycheckCalApp.swift in Sources */,
				DA27BAB829F61B2C00A61A59 /* CustomTabBarContainerView.swift in Sources */,
				DA5B49EE29E716AA0032C6E4 /* AnnualizedSalaryCalculator.swift in Sources */,
				DA5B49E129E146970032C6E4 /* SelfCheckViewResult.swift in Sources */,
				DA27BAC729F65AFF00A61A59 /* IntroView.swift in Sources */,
				DA27BAC229F64A7700A61A59 /* ProfileView.swift in Sources */,
				DA27BAB429F6105B00A61A59 /* Paycheck+CoreDataProperties.swift in Sources */,
				DA27BAC429F650BB00A61A59 /* OnboardingView.swift in Sources */,
			);
			runOnlyForDeploymentPostprocessing = 0;
		};
/* End PBXSourcesBuildPhase section */

/* Begin XCBuildConfiguration section */
		DA5B49D329E003EF0032C6E4 /* Debug */ = {
			isa = XCBuildConfiguration;
			buildSettings = {
				ALWAYS_SEARCH_USER_PATHS = NO;
				CLANG_ANALYZER_NONNULL = YES;
				CLANG_ANALYZER_NUMBER_OBJECT_CONVERSION = YES_AGGRESSIVE;
				CLANG_CXX_LANGUAGE_STANDARD = "gnu++20";
				CLANG_ENABLE_MODULES = YES;
				CLANG_ENABLE_OBJC_ARC = YES;
				CLANG_ENABLE_OBJC_WEAK = YES;
				CLANG_WARN_BLOCK_CAPTURE_AUTORELEASING = YES;
				CLANG_WARN_BOOL_CONVERSION = YES;
				CLANG_WARN_COMMA = YES;
				CLANG_WARN_CONSTANT_CONVERSION = YES;
				CLANG_WARN_DEPRECATED_OBJC_IMPLEMENTATIONS = YES;
				CLANG_WARN_DIRECT_OBJC_ISA_USAGE = YES_ERROR;
				CLANG_WARN_DOCUMENTATION_COMMENTS = YES;
				CLANG_WARN_EMPTY_BODY = YES;
				CLANG_WARN_ENUM_CONVERSION = YES;
				CLANG_WARN_INFINITE_RECURSION = YES;
				CLANG_WARN_INT_CONVERSION = YES;
				CLANG_WARN_NON_LITERAL_NULL_CONVERSION = YES;
				CLANG_WARN_OBJC_IMPLICIT_RETAIN_SELF = YES;
				CLANG_WARN_OBJC_LITERAL_CONVERSION = YES;
				CLANG_WARN_OBJC_ROOT_CLASS = YES_ERROR;
				CLANG_WARN_QUOTED_INCLUDE_IN_FRAMEWORK_HEADER = YES;
				CLANG_WARN_RANGE_LOOP_ANALYSIS = YES;
				CLANG_WARN_STRICT_PROTOTYPES = YES;
				CLANG_WARN_SUSPICIOUS_MOVE = YES;
				CLANG_WARN_UNGUARDED_AVAILABILITY = YES_AGGRESSIVE;
				CLANG_WARN_UNREACHABLE_CODE = YES;
				CLANG_WARN__DUPLICATE_METHOD_MATCH = YES;
				COPY_PHASE_STRIP = NO;
				DEBUG_INFORMATION_FORMAT = dwarf;
				ENABLE_STRICT_OBJC_MSGSEND = YES;
				ENABLE_TESTABILITY = YES;
				GCC_C_LANGUAGE_STANDARD = gnu11;
				GCC_DYNAMIC_NO_PIC = NO;
				GCC_NO_COMMON_BLOCKS = YES;
				GCC_OPTIMIZATION_LEVEL = 0;
				GCC_PREPROCESSOR_DEFINITIONS = (
					"DEBUG=1",
					"$(inherited)",
				);
				GCC_WARN_64_TO_32_BIT_CONVERSION = YES;
				GCC_WARN_ABOUT_RETURN_TYPE = YES_ERROR;
				GCC_WARN_UNDECLARED_SELECTOR = YES;
				GCC_WARN_UNINITIALIZED_AUTOS = YES_AGGRESSIVE;
				GCC_WARN_UNUSED_FUNCTION = YES;
				GCC_WARN_UNUSED_VARIABLE = YES;
				IPHONEOS_DEPLOYMENT_TARGET = 16.2;
				MTL_ENABLE_DEBUG_INFO = INCLUDE_SOURCE;
				MTL_FAST_MATH = YES;
				ONLY_ACTIVE_ARCH = YES;
				SDKROOT = iphoneos;
				SWIFT_ACTIVE_COMPILATION_CONDITIONS = DEBUG;
				SWIFT_OPTIMIZATION_LEVEL = "-Onone";
			};
			name = Debug;
		};
		DA5B49D429E003EF0032C6E4 /* Release */ = {
			isa = XCBuildConfiguration;
			buildSettings = {
				ALWAYS_SEARCH_USER_PATHS = NO;
				CLANG_ANALYZER_NONNULL = YES;
				CLANG_ANALYZER_NUMBER_OBJECT_CONVERSION = YES_AGGRESSIVE;
				CLANG_CXX_LANGUAGE_STANDARD = "gnu++20";
				CLANG_ENABLE_MODULES = YES;
				CLANG_ENABLE_OBJC_ARC = YES;
				CLANG_ENABLE_OBJC_WEAK = YES;
				CLANG_WARN_BLOCK_CAPTURE_AUTORELEASING = YES;
				CLANG_WARN_BOOL_CONVERSION = YES;
				CLANG_WARN_COMMA = YES;
				CLANG_WARN_CONSTANT_CONVERSION = YES;
				CLANG_WARN_DEPRECATED_OBJC_IMPLEMENTATIONS = YES;
				CLANG_WARN_DIRECT_OBJC_ISA_USAGE = YES_ERROR;
				CLANG_WARN_DOCUMENTATION_COMMENTS = YES;
				CLANG_WARN_EMPTY_BODY = YES;
				CLANG_WARN_ENUM_CONVERSION = YES;
				CLANG_WARN_INFINITE_RECURSION = YES;
				CLANG_WARN_INT_CONVERSION = YES;
				CLANG_WARN_NON_LITERAL_NULL_CONVERSION = YES;
				CLANG_WARN_OBJC_IMPLICIT_RETAIN_SELF = YES;
				CLANG_WARN_OBJC_LITERAL_CONVERSION = YES;
				CLANG_WARN_OBJC_ROOT_CLASS = YES_ERROR;
				CLANG_WARN_QUOTED_INCLUDE_IN_FRAMEWORK_HEADER = YES;
				CLANG_WARN_RANGE_LOOP_ANALYSIS = YES;
				CLANG_WARN_STRICT_PROTOTYPES = YES;
				CLANG_WARN_SUSPICIOUS_MOVE = YES;
				CLANG_WARN_UNGUARDED_AVAILABILITY = YES_AGGRESSIVE;
				CLANG_WARN_UNREACHABLE_CODE = YES;
				CLANG_WARN__DUPLICATE_METHOD_MATCH = YES;
				COPY_PHASE_STRIP = NO;
				DEBUG_INFORMATION_FORMAT = "dwarf-with-dsym";
				ENABLE_NS_ASSERTIONS = NO;
				ENABLE_STRICT_OBJC_MSGSEND = YES;
				GCC_C_LANGUAGE_STANDARD = gnu11;
				GCC_NO_COMMON_BLOCKS = YES;
				GCC_WARN_64_TO_32_BIT_CONVERSION = YES;
				GCC_WARN_ABOUT_RETURN_TYPE = YES_ERROR;
				GCC_WARN_UNDECLARED_SELECTOR = YES;
				GCC_WARN_UNINITIALIZED_AUTOS = YES_AGGRESSIVE;
				GCC_WARN_UNUSED_FUNCTION = YES;
				GCC_WARN_UNUSED_VARIABLE = YES;
				IPHONEOS_DEPLOYMENT_TARGET = 16.2;
				MTL_ENABLE_DEBUG_INFO = NO;
				MTL_FAST_MATH = YES;
				SDKROOT = iphoneos;
				SWIFT_COMPILATION_MODE = wholemodule;
				SWIFT_OPTIMIZATION_LEVEL = "-O";
				VALIDATE_PRODUCT = YES;
			};
			name = Release;
		};
		DA5B49D629E003EF0032C6E4 /* Debug */ = {
			isa = XCBuildConfiguration;
			buildSettings = {
				ASSETCATALOG_COMPILER_APPICON_NAME = AppIcon;
				ASSETCATALOG_COMPILER_GLOBAL_ACCENT_COLOR_NAME = AccentColor;
				CODE_SIGN_STYLE = Automatic;
				CURRENT_PROJECT_VERSION = 1;
				DEVELOPMENT_ASSET_PATHS = "\"studPaycheckCal/Preview Content\"";
				DEVELOPMENT_TEAM = 4P2C9WR2BJ;
				ENABLE_PREVIEWS = YES;
				GENERATE_INFOPLIST_FILE = YES;
				INFOPLIST_FILE = studPaycheckCal/Info.plist;
				INFOPLIST_KEY_NSCameraUsageDescription = "$(PRODUCT_NAME) needs to use camera to scan the document";
				INFOPLIST_KEY_UIApplicationSceneManifest_Generation = YES;
				INFOPLIST_KEY_UIApplicationSupportsIndirectInputEvents = YES;
				INFOPLIST_KEY_UILaunchScreen_Generation = YES;
				INFOPLIST_KEY_UISupportedInterfaceOrientations_iPad = "UIInterfaceOrientationPortrait UIInterfaceOrientationPortraitUpsideDown UIInterfaceOrientationLandscapeLeft UIInterfaceOrientationLandscapeRight";
				INFOPLIST_KEY_UISupportedInterfaceOrientations_iPhone = "UIInterfaceOrientationPortrait UIInterfaceOrientationLandscapeLeft UIInterfaceOrientationLandscapeRight";
				LD_RUNPATH_SEARCH_PATHS = (
					"$(inherited)",
					"@executable_path/Frameworks",
				);
				MARKETING_VERSION = 1.0;
				PRODUCT_BUNDLE_IDENTIFIER = com.rahuladepu.studPaycheckCal;
				PRODUCT_NAME = "$(TARGET_NAME)";
				SWIFT_EMIT_LOC_STRINGS = YES;
				SWIFT_VERSION = 5.0;
				TARGETED_DEVICE_FAMILY = "1,2";
			};
			name = Debug;
		};
		DA5B49D729E003EF0032C6E4 /* Release */ = {
			isa = XCBuildConfiguration;
			buildSettings = {
				ASSETCATALOG_COMPILER_APPICON_NAME = AppIcon;
				ASSETCATALOG_COMPILER_GLOBAL_ACCENT_COLOR_NAME = AccentColor;
				CODE_SIGN_STYLE = Automatic;
				CURRENT_PROJECT_VERSION = 1;
				DEVELOPMENT_ASSET_PATHS = "\"studPaycheckCal/Preview Content\"";
				DEVELOPMENT_TEAM = 4P2C9WR2BJ;
				ENABLE_PREVIEWS = YES;
				GENERATE_INFOPLIST_FILE = YES;
				INFOPLIST_FILE = studPaycheckCal/Info.plist;
				INFOPLIST_KEY_NSCameraUsageDescription = "$(PRODUCT_NAME) needs to use camera to scan the document";
				INFOPLIST_KEY_UIApplicationSceneManifest_Generation = YES;
				INFOPLIST_KEY_UIApplicationSupportsIndirectInputEvents = YES;
				INFOPLIST_KEY_UILaunchScreen_Generation = YES;
				INFOPLIST_KEY_UISupportedInterfaceOrientations_iPad = "UIInterfaceOrientationPortrait UIInterfaceOrientationPortraitUpsideDown UIInterfaceOrientationLandscapeLeft UIInterfaceOrientationLandscapeRight";
				INFOPLIST_KEY_UISupportedInterfaceOrientations_iPhone = "UIInterfaceOrientationPortrait UIInterfaceOrientationLandscapeLeft UIInterfaceOrientationLandscapeRight";
				LD_RUNPATH_SEARCH_PATHS = (
					"$(inherited)",
					"@executable_path/Frameworks",
				);
				MARKETING_VERSION = 1.0;
				PRODUCT_BUNDLE_IDENTIFIER = com.rahuladepu.studPaycheckCal;
				PRODUCT_NAME = "$(TARGET_NAME)";
				SWIFT_EMIT_LOC_STRINGS = YES;
				SWIFT_VERSION = 5.0;
				TARGETED_DEVICE_FAMILY = "1,2";
			};
			name = Release;
		};
/* End XCBuildConfiguration section */

/* Begin XCConfigurationList section */
		DA5B49C229E003ED0032C6E4 /* Build configuration list for PBXProject "studPaycheckCal" */ = {
			isa = XCConfigurationList;
			buildConfigurations = (
				DA5B49D329E003EF0032C6E4 /* Debug */,
				DA5B49D429E003EF0032C6E4 /* Release */,
			);
			defaultConfigurationIsVisible = 0;
			defaultConfigurationName = Release;
		};
		DA5B49D529E003EF0032C6E4 /* Build configuration list for PBXNativeTarget "studPaycheckCal" */ = {
			isa = XCConfigurationList;
			buildConfigurations = (
				DA5B49D629E003EF0032C6E4 /* Debug */,
				DA5B49D729E003EF0032C6E4 /* Release */,
			);
			defaultConfigurationIsVisible = 0;
			defaultConfigurationName = Release;
		};
/* End XCConfigurationList section */

/* Begin XCVersionGroup section */
		DA27BAAB29F4CD5600A61A59 /* StudentPaycheckDataModel.xcdatamodeld */ = {
			isa = XCVersionGroup;
			children = (
				DA27BAAC29F4CD5600A61A59 /* StudentPaycheckDataModel.xcdatamodel */,
			);
			currentVersion = DA27BAAC29F4CD5600A61A59 /* StudentPaycheckDataModel.xcdatamodel */;
			path = StudentPaycheckDataModel.xcdatamodeld;
			sourceTree = "<group>";
			versionGroupType = wrapper.xcdatamodel;
		};
/* End XCVersionGroup section */
	};
	rootObject = DA5B49BF29E003ED0032C6E4 /* Project object */;
}
